
Microsoft Visual Studio Solution File, Format Version 12.00
# Visual Studio 15
VisualStudioVersion = 15.0.27130.2027
MinimumVisualStudioVersion = 10.0.40219.1
Project("{2150E333-8FDC-42A3-9474-1A3956D46DE8}") = "000 Metadata", "000 Metadata", "{B995A225-DEA9-4BD6-B262-1D65442502BC}"
	ProjectSection(SolutionItems) = preProject
		.gitattributes = .gitattributes
		.gitignore = .gitignore
		.travis.yml = .travis.yml
		LICENSE = LICENSE
		README.md = README.md
	EndProjectSection
EndProject
Project("{FAE04EC0-301F-11D3-BF4B-00C04F79EFBC}") = "Maya.CrashReporter", "Maya.CrashReporter\Maya.CrashReporter.csproj", "{E8659712-96BD-46ED-88A5-BB49115F43DB}"
EndProject
Project("{FAE04EC0-301F-11D3-BF4B-00C04F79EFBC}") = "Maya.CrashReporter.Test", "Maya.CrashReporter.Test\Maya.CrashReporter.Test.csproj", "{329A603D-74EA-4DCF-AFC8-E08E003066B5}"
EndProject
Project("{FAE04EC0-301F-11D3-BF4B-00C04F79EFBC}") = "Maya.WPF", "Maya.WPF\Maya.WPF.csproj", "{AE79ED59-ED65-48C6-BA94-15826195DDFB}"
EndProject
Project("{FAE04EC0-301F-11D3-BF4B-00C04F79EFBC}") = "Maya.Amazon", "Maya.Amazon\Maya.Amazon.csproj", "{9F8D4674-7C1D-49BF-B261-CD5B10667B40}"
EndProject
Project("{FAE04EC0-301F-11D3-BF4B-00C04F79EFBC}") = "Maya.Prism", "Maya.Prism\Maya.Prism.csproj", "{0743D495-D6D4-4086-B35E-CF998526E1F3}"
EndProject
Project("{2150E333-8FDC-42A3-9474-1A3956D46DE8}") = "900 CrashReporter", "900 CrashReporter", "{71EF44E8-0014-4D15-966A-42191277D707}"
EndProject
Project("{2150E333-8FDC-42A3-9474-1A3956D46DE8}") = "110 Amazon", "110 Amazon", "{3BA88442-17E3-4EE9-BEED-51E49A301498}"
EndProject
Project("{2150E333-8FDC-42A3-9474-1A3956D46DE8}") = "WPF", "WPF", "{2078414B-AB18-402B-BCEC-233D2C6C2489}"
EndProject
Project("{FAE04EC0-301F-11D3-BF4B-00C04F79EFBC}") = "Maya.Assets", "Maya.Assets\Maya.Assets.csproj", "{07D269F6-93E9-461E-BAC1-134DCF5BD98F}"
EndProject
Project("{2150E333-8FDC-42A3-9474-1A3956D46DE8}") = "998 Tinker", "998 Tinker", "{93865746-E0C0-47F8-94B8-F5A3AB40DEA6}"
EndProject
Project("{FAE04EC0-301F-11D3-BF4B-00C04F79EFBC}") = "Maya.Tinker", "Maya.Tinker\Maya.Tinker.csproj", "{0C21C510-02A7-4CB8-9CA7-8BCA2B1BCA5B}"
EndProject
Project("{FAE04EC0-301F-11D3-BF4B-00C04F79EFBC}") = "Maya.Mvc", "Maya.Mvc\Maya.Mvc.csproj", "{A297657F-E0E0-43C4-8C7E-FE508EE37F8C}"
EndProject
Project("{2150E333-8FDC-42A3-9474-1A3956D46DE8}") = "MVC", "MVC", "{E48D79EF-E34F-4552-9FBD-9B070ADCDE4F}"
EndProject
Project("{2150E333-8FDC-42A3-9474-1A3956D46DE8}") = "100 Core", "100 Core", "{CE81CE62-3684-403B-8A81-C87346D78C8F}"
EndProject
Project("{2150E333-8FDC-42A3-9474-1A3956D46DE8}") = "200 WPF", "200 WPF", "{D9801396-1974-44DB-A8E6-474706AFA0CD}"
EndProject
Project("{2150E333-8FDC-42A3-9474-1A3956D46DE8}") = "300 ASP.NET", "300 ASP.NET", "{7F5ECB29-CFC0-4CF2-9702-A2B1199B4AA1}"
EndProject
Project("{FAE04EC0-301F-11D3-BF4B-00C04F79EFBC}") = "Maya.Core", "Maya.Core\Maya.Core.csproj", "{BE983E25-C100-4C57-A554-AC4F501A2E78}"
EndProject
Project("{2150E333-8FDC-42A3-9474-1A3956D46DE8}") = "999 Tests", "999 Tests", "{1A4EB287-2D82-4832-8A02-0B47E7279D5D}"
EndProject
Project("{2150E333-8FDC-42A3-9474-1A3956D46DE8}") = "105 EntityFramework", "105 EntityFramework", "{66E78B54-A82F-4363-BB77-389C063B6BC4}"
EndProject
Project("{FAE04EC0-301F-11D3-BF4B-00C04F79EFBC}") = "Maya.EntityFramework.CodeGen", "EntityPlus\Maya.EntityFramework.CodeGen.csproj", "{83B9C860-2A63-4311-8EE7-F8514E0B29B8}"
EndProject
Global
	GlobalSection(SolutionConfigurationPlatforms) = preSolution
		Debug|Any CPU = Debug|Any CPU
		Release|Any CPU = Release|Any CPU
	EndGlobalSection
	GlobalSection(ProjectConfigurationPlatforms) = postSolution
		{E8659712-96BD-46ED-88A5-BB49115F43DB}.Debug|Any CPU.ActiveCfg = Debug|Any CPU
		{E8659712-96BD-46ED-88A5-BB49115F43DB}.Debug|Any CPU.Build.0 = Debug|Any CPU
		{E8659712-96BD-46ED-88A5-BB49115F43DB}.Release|Any CPU.ActiveCfg = Release|Any CPU
		{E8659712-96BD-46ED-88A5-BB49115F43DB}.Release|Any CPU.Build.0 = Release|Any CPU
		{329A603D-74EA-4DCF-AFC8-E08E003066B5}.Debug|Any CPU.ActiveCfg = Debug|Any CPU
		{329A603D-74EA-4DCF-AFC8-E08E003066B5}.Debug|Any CPU.Build.0 = Debug|Any CPU
		{329A603D-74EA-4DCF-AFC8-E08E003066B5}.Release|Any CPU.ActiveCfg = Release|Any CPU
		{329A603D-74EA-4DCF-AFC8-E08E003066B5}.Release|Any CPU.Build.0 = Release|Any CPU
		{AE79ED59-ED65-48C6-BA94-15826195DDFB}.Debug|Any CPU.ActiveCfg = Debug|Any CPU
		{AE79ED59-ED65-48C6-BA94-15826195DDFB}.Debug|Any CPU.Build.0 = Debug|Any CPU
		{AE79ED59-ED65-48C6-BA94-15826195DDFB}.Release|Any CPU.ActiveCfg = Release|Any CPU
		{AE79ED59-ED65-48C6-BA94-15826195DDFB}.Release|Any CPU.Build.0 = Release|Any CPU
		{9F8D4674-7C1D-49BF-B261-CD5B10667B40}.Debug|Any CPU.ActiveCfg = Debug|Any CPU
		{9F8D4674-7C1D-49BF-B261-CD5B10667B40}.Debug|Any CPU.Build.0 = Debug|Any CPU
		{9F8D4674-7C1D-49BF-B261-CD5B10667B40}.Release|Any CPU.ActiveCfg = Release|Any CPU
		{9F8D4674-7C1D-49BF-B261-CD5B10667B40}.Release|Any CPU.Build.0 = Release|Any CPU
		{0743D495-D6D4-4086-B35E-CF998526E1F3}.Debug|Any CPU.ActiveCfg = Debug|Any CPU
		{0743D495-D6D4-4086-B35E-CF998526E1F3}.Debug|Any CPU.Build.0 = Debug|Any CPU
		{0743D495-D6D4-4086-B35E-CF998526E1F3}.Release|Any CPU.ActiveCfg = Release|Any CPU
		{0743D495-D6D4-4086-B35E-CF998526E1F3}.Release|Any CPU.Build.0 = Release|Any CPU
		{07D269F6-93E9-461E-BAC1-134DCF5BD98F}.Debug|Any CPU.ActiveCfg = Debug|Any CPU
		{07D269F6-93E9-461E-BAC1-134DCF5BD98F}.Debug|Any CPU.Build.0 = Debug|Any CPU
		{07D269F6-93E9-461E-BAC1-134DCF5BD98F}.Release|Any CPU.ActiveCfg = Release|Any CPU
		{07D269F6-93E9-461E-BAC1-134DCF5BD98F}.Release|Any CPU.Build.0 = Release|Any CPU
		{0C21C510-02A7-4CB8-9CA7-8BCA2B1BCA5B}.Debug|Any CPU.ActiveCfg = Debug|Any CPU
		{0C21C510-02A7-4CB8-9CA7-8BCA2B1BCA5B}.Debug|Any CPU.Build.0 = Debug|Any CPU
		{0C21C510-02A7-4CB8-9CA7-8BCA2B1BCA5B}.Release|Any CPU.ActiveCfg = Release|Any CPU
		{0C21C510-02A7-4CB8-9CA7-8BCA2B1BCA5B}.Release|Any CPU.Build.0 = Release|Any CPU
		{A297657F-E0E0-43C4-8C7E-FE508EE37F8C}.Debug|Any CPU.ActiveCfg = Debug|Any CPU
		{A297657F-E0E0-43C4-8C7E-FE508EE37F8C}.Debug|Any CPU.Build.0 = Debug|Any CPU
		{A297657F-E0E0-43C4-8C7E-FE508EE37F8C}.Release|Any CPU.ActiveCfg = Release|Any CPU
		{A297657F-E0E0-43C4-8C7E-FE508EE37F8C}.Release|Any CPU.Build.0 = Release|Any CPU
		{BE983E25-C100-4C57-A554-AC4F501A2E78}.Debug|Any CPU.ActiveCfg = Debug|Any CPU
		{BE983E25-C100-4C57-A554-AC4F501A2E78}.Debug|Any CPU.Build.0 = Debug|Any CPU
		{BE983E25-C100-4C57-A554-AC4F501A2E78}.Release|Any CPU.ActiveCfg = Release|Any CPU
		{BE983E25-C100-4C57-A554-AC4F501A2E78}.Release|Any CPU.Build.0 = Release|Any CPU
		{83B9C860-2A63-4311-8EE7-F8514E0B29B8}.Debug|Any CPU.ActiveCfg = Debug|Any CPU
		{83B9C860-2A63-4311-8EE7-F8514E0B29B8}.Debug|Any CPU.Build.0 = Debug|Any CPU
		{83B9C860-2A63-4311-8EE7-F8514E0B29B8}.Release|Any CPU.ActiveCfg = Release|Any CPU
		{83B9C860-2A63-4311-8EE7-F8514E0B29B8}.Release|Any CPU.Build.0 = Release|Any CPU
	EndGlobalSection
	GlobalSection(SolutionProperties) = preSolution
		HideSolutionNode = FALSE
	EndGlobalSection
	GlobalSection(NestedProjects) = preSolution
		{E8659712-96BD-46ED-88A5-BB49115F43DB} = {71EF44E8-0014-4D15-966A-42191277D707}
		{329A603D-74EA-4DCF-AFC8-E08E003066B5} = {71EF44E8-0014-4D15-966A-42191277D707}
		{AE79ED59-ED65-48C6-BA94-15826195DDFB} = {2078414B-AB18-402B-BCEC-233D2C6C2489}
		{9F8D4674-7C1D-49BF-B261-CD5B10667B40} = {3BA88442-17E3-4EE9-BEED-51E49A301498}
		{0743D495-D6D4-4086-B35E-CF998526E1F3} = {D9801396-1974-44DB-A8E6-474706AFA0CD}
		{0C21C510-02A7-4CB8-9CA7-8BCA2B1BCA5B} = {93865746-E0C0-47F8-94B8-F5A3AB40DEA6}
		{A297657F-E0E0-43C4-8C7E-FE508EE37F8C} = {E48D79EF-E34F-4552-9FBD-9B070ADCDE4F}
		{BE983E25-C100-4C57-A554-AC4F501A2E78} = {CE81CE62-3684-403B-8A81-C87346D78C8F}
		{83B9C860-2A63-4311-8EE7-F8514E0B29B8} = {66E78B54-A82F-4363-BB77-389C063B6BC4}
	EndGlobalSection
	GlobalSection(ExtensibilityGlobals) = postSolution
		SolutionGuid = {C757C03D-A95B-48F1-AAFB-0B1073EE46BD}
	EndGlobalSection
EndGlobal
