
Microsoft Visual Studio Solution File, Format Version 12.00
# Visual Studio Version 16
VisualStudioVersion = 16.0.28407.52
MinimumVisualStudioVersion = 10.0.40219.1
Project("{9A19103F-16F7-4668-BE54-9A1E7A4F7556}") = "Maya.AspNetCore.TagHelpers.Core", "Maya.AspNetCore.TagHelpers.Core\Maya.AspNetCore.TagHelpers.Core.csproj", "{C3A6538D-FB3B-4ECB-ABF7-DE907F56465F}"
EndProject
Project("{FAE04EC0-301F-11D3-BF4B-00C04F79EFBC}") = "Maya.AspNetCore.TagHelpers.Metronic", "Maya.AspNetCore.TagHelpers.Metronic\Maya.AspNetCore.TagHelpers.Metronic.csproj", "{9521DB4E-E7B2-47D0-B847-95337965E482}"
EndProject
Global
	GlobalSection(SolutionConfigurationPlatforms) = preSolution
		Debug|Any CPU = Debug|Any CPU
		Release|Any CPU = Release|Any CPU
	EndGlobalSection
	GlobalSection(ProjectConfigurationPlatforms) = postSolution
		{C3A6538D-FB3B-4ECB-ABF7-DE907F56465F}.Debug|Any CPU.ActiveCfg = Debug|Any CPU
		{C3A6538D-FB3B-4ECB-ABF7-DE907F56465F}.Debug|Any CPU.Build.0 = Debug|Any CPU
		{C3A6538D-FB3B-4ECB-ABF7-DE907F56465F}.Release|Any CPU.ActiveCfg = Release|Any CPU
		{C3A6538D-FB3B-4ECB-ABF7-DE907F56465F}.Release|Any CPU.Build.0 = Release|Any CPU
		{9521DB4E-E7B2-47D0-B847-95337965E482}.Debug|Any CPU.ActiveCfg = Debug|Any CPU
		{9521DB4E-E7B2-47D0-B847-95337965E482}.Debug|Any CPU.Build.0 = Debug|Any CPU
		{9521DB4E-E7B2-47D0-B847-95337965E482}.Release|Any CPU.ActiveCfg = Release|Any CPU
		{9521DB4E-E7B2-47D0-B847-95337965E482}.Release|Any CPU.Build.0 = Release|Any CPU
	EndGlobalSection
	GlobalSection(SolutionProperties) = preSolution
		HideSolutionNode = FALSE
	EndGlobalSection
	GlobalSection(ExtensibilityGlobals) = postSolution
		SolutionGuid = {C5C036D0-4844-49BE-80CD-7869AC13C09B}
	EndGlobalSection
EndGlobal
